
Microsoft Visual Studio Solution File, Format Version 12.00
# Visual Studio Version 17
VisualStudioVersion = 17.9.34714.143
MinimumVisualStudioVersion = 10.0.40219.1
Project("{9A19103F-16F7-4668-BE54-9A1E7A4F7556}") = "StudentManagementSystem", "StudentManagementSystem\StudentManagementSystem.csproj", "{4697A320-BC98-43F9-85B5-3CAE423BBAB9}"
EndProject
Project("{9A19103F-16F7-4668-BE54-9A1E7A4F7556}") = "StudentManagementSystem.Services", "StudentManagementSystem.Services\StudentManagementSystem.Services.csproj", "{666FB6FA-3477-4838-84C3-66BD0E22540D}"
EndProject
Project("{9A19103F-16F7-4668-BE54-9A1E7A4F7556}") = "StudentManagementSystem.Model", "StudentManagementSystem.Model\StudentManagementSystem.Model.csproj", "{52E243E6-AB13-49F5-B825-A76555779DA4}"
EndProject
Global
	GlobalSection(SolutionConfigurationPlatforms) = preSolution
		Debug|Any CPU = Debug|Any CPU
		Release|Any CPU = Release|Any CPU
	EndGlobalSection
	GlobalSection(ProjectConfigurationPlatforms) = postSolution
		{4697A320-BC98-43F9-85B5-3CAE423BBAB9}.Debug|Any CPU.ActiveCfg = Debug|Any CPU
		{4697A320-BC98-43F9-85B5-3CAE423BBAB9}.Debug|Any CPU.Build.0 = Debug|Any CPU
		{4697A320-BC98-43F9-85B5-3CAE423BBAB9}.Release|Any CPU.ActiveCfg = Release|Any CPU
		{4697A320-BC98-43F9-85B5-3CAE423BBAB9}.Release|Any CPU.Build.0 = Release|Any CPU
		{666FB6FA-3477-4838-84C3-66BD0E22540D}.Debug|Any CPU.ActiveCfg = Debug|Any CPU
		{666FB6FA-3477-4838-84C3-66BD0E22540D}.Debug|Any CPU.Build.0 = Debug|Any CPU
		{666FB6FA-3477-4838-84C3-66BD0E22540D}.Release|Any CPU.ActiveCfg = Release|Any CPU
		{666FB6FA-3477-4838-84C3-66BD0E22540D}.Release|Any CPU.Build.0 = Release|Any CPU
		{52E243E6-AB13-49F5-B825-A76555779DA4}.Debug|Any CPU.ActiveCfg = Debug|Any CPU
		{52E243E6-AB13-49F5-B825-A76555779DA4}.Debug|Any CPU.Build.0 = Debug|Any CPU
		{52E243E6-AB13-49F5-B825-A76555779DA4}.Release|Any CPU.ActiveCfg = Release|Any CPU
		{52E243E6-AB13-49F5-B825-A76555779DA4}.Release|Any CPU.Build.0 = Release|Any CPU
	EndGlobalSection
	GlobalSection(SolutionProperties) = preSolution
		HideSolutionNode = FALSE
	EndGlobalSection
	GlobalSection(ExtensibilityGlobals) = postSolution
		SolutionGuid = {DF5040B3-B30B-4691-9C7D-AA236B115D3B}
	EndGlobalSection
EndGlobal
